
Microsoft Visual Studio Solution File, Format Version 12.00
# Visual Studio Version 16
VisualStudioVersion = 16.0.31613.86
MinimumVisualStudioVersion = 10.0.40219.1
Project("{FAE04EC0-301F-11D3-BF4B-00C04F79EFBC}") = "Laboratorio4", "Laboratorio4\Laboratorio4.csproj", "{2EAF9337-4547-475D-8D86-CE8249AFC2FA}"
EndProject
Project("{FAE04EC0-301F-11D3-BF4B-00C04F79EFBC}") = "UnitTestLab10", "UnitTestLab10\UnitTestLab10.csproj", "{F771A071-5C78-4025-98B9-242E13E2099A}"
EndProject
Global
	GlobalSection(SolutionConfigurationPlatforms) = preSolution
		Debug|Any CPU = Debug|Any CPU
		Release|Any CPU = Release|Any CPU
	EndGlobalSection
	GlobalSection(ProjectConfigurationPlatforms) = postSolution
		{2EAF9337-4547-475D-8D86-CE8249AFC2FA}.Debug|Any CPU.ActiveCfg = Debug|Any CPU
		{2EAF9337-4547-475D-8D86-CE8249AFC2FA}.Debug|Any CPU.Build.0 = Debug|Any CPU
		{2EAF9337-4547-475D-8D86-CE8249AFC2FA}.Release|Any CPU.ActiveCfg = Release|Any CPU
		{2EAF9337-4547-475D-8D86-CE8249AFC2FA}.Release|Any CPU.Build.0 = Release|Any CPU
		{F771A071-5C78-4025-98B9-242E13E2099A}.Debug|Any CPU.ActiveCfg = Debug|Any CPU
		{F771A071-5C78-4025-98B9-242E13E2099A}.Debug|Any CPU.Build.0 = Debug|Any CPU
		{F771A071-5C78-4025-98B9-242E13E2099A}.Release|Any CPU.ActiveCfg = Release|Any CPU
		{F771A071-5C78-4025-98B9-242E13E2099A}.Release|Any CPU.Build.0 = Release|Any CPU
	EndGlobalSection
	GlobalSection(SolutionProperties) = preSolution
		HideSolutionNode = FALSE
	EndGlobalSection
	GlobalSection(ExtensibilityGlobals) = postSolution
		SolutionGuid = {9639C9F6-D7F9-4679-B6FE-BB4A62FC2EF4}
	EndGlobalSection
EndGlobal
